// !$*UTF8*$!
{
	archiveVersion = 1;
	classes = {
	};
	objectVersion = 48;
	objects = {

/* Begin PBXBuildFile section */
		3C0AF30E20B8613300A7B9A3 /* ItemsListRingsPresenter.swift in Sources */ = {isa = PBXBuildFile; fileRef = 3C0AF30D20B8613300A7B9A3 /* ItemsListRingsPresenter.swift */; };
		3C0AF31020B8624200A7B9A3 /* RingsData.swift in Sources */ = {isa = PBXBuildFile; fileRef = 3C0AF30F20B8624200A7B9A3 /* RingsData.swift */; };
		3C0AF31220B8657400A7B9A3 /* CommonData.swift in Sources */ = {isa = PBXBuildFile; fileRef = 3C0AF31120B8657400A7B9A3 /* CommonData.swift */; };
		3C23812520B7621500D9CB72 /* GameElement.swift in Sources */ = {isa = PBXBuildFile; fileRef = 3C23812420B7621500D9CB72 /* GameElement.swift */; };
		3C33E5B32075767E00CBD689 /* UIImageWithGif.swift in Sources */ = {isa = PBXBuildFile; fileRef = 3C33E5B22075767E00CBD689 /* UIImageWithGif.swift */; };
		3C33E5B920757CAD00CBD689 /* bonfireAnimated.gif in Resources */ = {isa = PBXBuildFile; fileRef = 3C33E5B820757CAB00CBD689 /* bonfireAnimated.gif */; };
		3C489E3E20BC595700FD855F /* ItemsListViewController+TableView.swift in Sources */ = {isa = PBXBuildFile; fileRef = 3C489E3D20BC595700FD855F /* ItemsListViewController+TableView.swift */; };
		3C489E4120BC677A00FD855F /* WeaponsTableViewCell.swift in Sources */ = {isa = PBXBuildFile; fileRef = 3C489E4020BC677A00FD855F /* WeaponsTableViewCell.swift */; };
		3C489E4320BC739200FD855F /* RingsTableViewCell.swift in Sources */ = {isa = PBXBuildFile; fileRef = 3C489E4220BC739200FD855F /* RingsTableViewCell.swift */; };
		3C489E4520BC79FC00FD855F /* ReusableCellIdentifierProtocol.swift in Sources */ = {isa = PBXBuildFile; fileRef = 3C489E4420BC79FC00FD855F /* ReusableCellIdentifierProtocol.swift */; };
		3C4E1506208E8FF600875272 /* Alamofire.framework.dSYM in Resources */ = {isa = PBXBuildFile; fileRef = 3C4E1504208E8FF600875272 /* Alamofire.framework.dSYM */; };
		3C4E1512208FA85300875272 /* ItemsListViewController.swift in Sources */ = {isa = PBXBuildFile; fileRef = 3C4E1511208FA85300875272 /* ItemsListViewController.swift */; };
		3C4EB67620A4DD2B00385BFA /* UseCaseLocator.swift in Sources */ = {isa = PBXBuildFile; fileRef = 3C4EB67520A4DD2B00385BFA /* UseCaseLocator.swift */; };
		3C4EB67820A4E13F00385BFA /* SoulsGameSingleton.swift in Sources */ = {isa = PBXBuildFile; fileRef = 3C4EB67720A4E13F00385BFA /* SoulsGameSingleton.swift */; };
		3C4EB67A20A4E9F100385BFA /* UseCaseImplementation.swift in Sources */ = {isa = PBXBuildFile; fileRef = 3C4EB67920A4E9F100385BFA /* UseCaseImplementation.swift */; };
		3C57683220BCCD2400234C61 /* AlamofireImage.framework in Frameworks */ = {isa = PBXBuildFile; fileRef = 3C57683120BCCD2400234C61 /* AlamofireImage.framework */; };
		3C5B87E120C6F2B30067FDAD /* RequestElementsListImpl.swift in Sources */ = {isa = PBXBuildFile; fileRef = 3C5B87E020C6F2B30067FDAD /* RequestElementsListImpl.swift */; };
		3C5B87E320C6F5280067FDAD /* RequestElementsList.swift in Sources */ = {isa = PBXBuildFile; fileRef = 3C5B87E220C6F5280067FDAD /* RequestElementsList.swift */; };
		3C5B87E520C6F92C0067FDAD /* UseCaseWithServiceImplementation.swift in Sources */ = {isa = PBXBuildFile; fileRef = 3C5B87E420C6F92C0067FDAD /* UseCaseWithServiceImplementation.swift */; };
		3C75F0092073F7CD00278A74 /* AppDelegate.swift in Sources */ = {isa = PBXBuildFile; fileRef = 3C75F0082073F7CD00278A74 /* AppDelegate.swift */; };
		3C75F00B2073F7CD00278A74 /* SelectListViewController.swift in Sources */ = {isa = PBXBuildFile; fileRef = 3C75F00A2073F7CD00278A74 /* SelectListViewController.swift */; };
		3C75F00E2073F7CD00278A74 /* Main.storyboard in Resources */ = {isa = PBXBuildFile; fileRef = 3C75F00C2073F7CD00278A74 /* Main.storyboard */; };
		3C75F0102073F7CD00278A74 /* Assets.xcassets in Resources */ = {isa = PBXBuildFile; fileRef = 3C75F00F2073F7CD00278A74 /* Assets.xcassets */; };
		3C75F0132073F7CD00278A74 /* LaunchScreen.storyboard in Resources */ = {isa = PBXBuildFile; fileRef = 3C75F0112073F7CD00278A74 /* LaunchScreen.storyboard */; };
		3C75F01C2073FC6800278A74 /* OptimusPrinceps.ttf in Resources */ = {isa = PBXBuildFile; fileRef = 3C75F01B2073FC5E00278A74 /* OptimusPrinceps.ttf */; };
		3C75F01E207421D500278A74 /* SoulsCalculatorViewController.swift in Sources */ = {isa = PBXBuildFile; fileRef = 3C75F01D207421D500278A74 /* SoulsCalculatorViewController.swift */; };
		3C75F02020744C5800278A74 /* UICustomView.swift in Sources */ = {isa = PBXBuildFile; fileRef = 3C75F01F20744C5800278A74 /* UICustomView.swift */; };
		3C75F02220744FE300278A74 /* SelectGameViewController.swift in Sources */ = {isa = PBXBuildFile; fileRef = 3C75F02120744FE300278A74 /* SelectGameViewController.swift */; };
		3C75F027207522C100278A74 /* UICustomButton.swift in Sources */ = {isa = PBXBuildFile; fileRef = 3C75F026207522C100278A74 /* UICustomButton.swift */; };
		3C7B856F2088FB6B00A3AC65 /* UICustomViewController.swift in Sources */ = {isa = PBXBuildFile; fileRef = 3C7B856E2088FB6B00A3AC65 /* UICustomViewController.swift */; };
		3C84F3ED2080FFD9001F3C32 /* SoulsCalculatorPresenter.swift in Sources */ = {isa = PBXBuildFile; fileRef = 3C84F3EC2080FFD9001F3C32 /* SoulsCalculatorPresenter.swift */; };
		3C84F3F02081037F001F3C32 /* SoulsSeriesGame.swift in Sources */ = {isa = PBXBuildFile; fileRef = 3C84F3EF2081037F001F3C32 /* SoulsSeriesGame.swift */; };
		3C84F3F520816F24001F3C32 /* CustomInteger.swift in Sources */ = {isa = PBXBuildFile; fileRef = 3C84F3F420816F24001F3C32 /* CustomInteger.swift */; };
		3C896CB620B771C900981B9B /* ItemsListWeaponsPresenter.swift in Sources */ = {isa = PBXBuildFile; fileRef = 3C896CB520B771C900981B9B /* ItemsListWeaponsPresenter.swift */; };
		3C896CB820B84FDA00981B9B /* ItemsListMediator.swift in Sources */ = {isa = PBXBuildFile; fileRef = 3C896CB720B84FDA00981B9B /* ItemsListMediator.swift */; };
		3C8C0ABA207EB032004D816C /* CalculateSouls.swift in Sources */ = {isa = PBXBuildFile; fileRef = 3C8C0AB9207EB032004D816C /* CalculateSouls.swift */; };
		3C8C0ABD207EB0C3004D816C /* CalculateSoulsLordran.swift in Sources */ = {isa = PBXBuildFile; fileRef = 3C8C0ABC207EB0C3004D816C /* CalculateSoulsLordran.swift */; };
		3C8C0ABF207EB0CE004D816C /* CalculateSoulsDrangleic.swift in Sources */ = {isa = PBXBuildFile; fileRef = 3C8C0ABE207EB0CE004D816C /* CalculateSoulsDrangleic.swift */; };
		3C8C0AC7207FA453004D816C /* DarkArmoryTests.swift in Sources */ = {isa = PBXBuildFile; fileRef = 3C8C0AC6207FA453004D816C /* DarkArmoryTests.swift */; };
		3C94C0F920BDBEA2009F9C1B /* MiscsTableViewCell.swift in Sources */ = {isa = PBXBuildFile; fileRef = 3C94C0F820BDBEA1009F9C1B /* MiscsTableViewCell.swift */; };
		3C94C0FB20BDE36F009F9C1B /* MiscsData.swift in Sources */ = {isa = PBXBuildFile; fileRef = 3C94C0FA20BDE36F009F9C1B /* MiscsData.swift */; };
		3C94C0FD20BDE57E009F9C1B /* ItemsListMiscPresenter.swift in Sources */ = {isa = PBXBuildFile; fileRef = 3C94C0FC20BDE57E009F9C1B /* ItemsListMiscPresenter.swift */; };
		3C94C0FF20BF1FD8009F9C1B /* SpellsData.swift in Sources */ = {isa = PBXBuildFile; fileRef = 3C94C0FE20BF1FD8009F9C1B /* SpellsData.swift */; };
		3C94C10120BF27A3009F9C1B /* ItemsListSpellsPresenter.swift in Sources */ = {isa = PBXBuildFile; fileRef = 3C94C10020BF27A3009F9C1B /* ItemsListSpellsPresenter.swift */; };
		3C94C10320BF2F98009F9C1B /* SpellsTableViewCell.swift in Sources */ = {isa = PBXBuildFile; fileRef = 3C94C10220BF2F98009F9C1B /* SpellsTableViewCell.swift */; };
		3CA9D56B20B8999B00A624BF /* ItemsListPresenterFactory.swift in Sources */ = {isa = PBXBuildFile; fileRef = 3CA9D56A20B8999B00A624BF /* ItemsListPresenterFactory.swift */; };
		3CBD3E972186887F00D491F1 /* ItemDetailViewController+DetailView.swift in Sources */ = {isa = PBXBuildFile; fileRef = 3CBD3E962186887F00D491F1 /* ItemDetailViewController+DetailView.swift */; };
		3CBD3E992189194D00D491F1 /* UIViewExtension.swift in Sources */ = {isa = PBXBuildFile; fileRef = 3CBD3E982189194D00D491F1 /* UIViewExtension.swift */; };
		3CC8AC2B20C1B6DB005718A8 /* ArmorsData.swift in Sources */ = {isa = PBXBuildFile; fileRef = 3CC8AC2A20C1B6DA005718A8 /* ArmorsData.swift */; };
		3CC8AC2D20C1C707005718A8 /* ItemsListArmorsPresenter.swift in Sources */ = {isa = PBXBuildFile; fileRef = 3CC8AC2C20C1C707005718A8 /* ItemsListArmorsPresenter.swift */; };
		3CC8AC2F20C1CA24005718A8 /* ArmorsTableViewCell.swift in Sources */ = {isa = PBXBuildFile; fileRef = 3CC8AC2E20C1CA24005718A8 /* ArmorsTableViewCell.swift */; };
		3CE8333B2085120500C37E3F /* CalculateSoulsLothric.swift in Sources */ = {isa = PBXBuildFile; fileRef = 3CE8333A2085120500C37E3F /* CalculateSoulsLothric.swift */; };
		3CE83DB820ADCC2800EBD210 /* DarkArmoryAPIRouter.swift in Sources */ = {isa = PBXBuildFile; fileRef = 3CE83DB720ADCC2800EBD210 /* DarkArmoryAPIRouter.swift */; };
		3CE83DBA20ADD18500EBD210 /* DarkArmoryAPIService.swift in Sources */ = {isa = PBXBuildFile; fileRef = 3CE83DB920ADD18500EBD210 /* DarkArmoryAPIService.swift */; };
		3CE83DBC20ADD68300EBD210 /* DarkArmoryService.swift in Sources */ = {isa = PBXBuildFile; fileRef = 3CE83DBB20ADD68300EBD210 /* DarkArmoryService.swift */; };
		3CE83DBE20ADD6D100EBD210 /* WeaponsData.swift in Sources */ = {isa = PBXBuildFile; fileRef = 3CE83DBD20ADD6D100EBD210 /* WeaponsData.swift */; };
		3CE83DC120AF6F0100EBD210 /* ItemsListBasePresenter.swift in Sources */ = {isa = PBXBuildFile; fileRef = 3CE83DC020AF6F0100EBD210 /* ItemsListBasePresenter.swift */; };
		3CFB28C9217CC17100FA508D /* RequestElementsDetail.swift in Sources */ = {isa = PBXBuildFile; fileRef = 3CFB28C8217CC17100FA508D /* RequestElementsDetail.swift */; };
		3CFB28CB217D3CE300FA508D /* RequestElementsDetailImpl.swift in Sources */ = {isa = PBXBuildFile; fileRef = 3CFB28CA217D3CE300FA508D /* RequestElementsDetailImpl.swift */; };
		3CFB28CD217ECB2800FA508D /* ItemDetailViewController.swift in Sources */ = {isa = PBXBuildFile; fileRef = 3CFB28CC217ECB2800FA508D /* ItemDetailViewController.swift */; };
		3CFB28CF217ECC2D00FA508D /* ItemDetailBasePresenter.swift in Sources */ = {isa = PBXBuildFile; fileRef = 3CFB28CE217ECC2D00FA508D /* ItemDetailBasePresenter.swift */; };
		3CFB28D2217ED41C00FA508D /* ItemDetailMediator.swift in Sources */ = {isa = PBXBuildFile; fileRef = 3CFB28D1217ED41C00FA508D /* ItemDetailMediator.swift */; };
		3CFB28D4217ED49800FA508D /* ItemDetailWeaponPresenter.swift in Sources */ = {isa = PBXBuildFile; fileRef = 3CFB28D3217ED49800FA508D /* ItemDetailWeaponPresenter.swift */; };
		3CFB28D6217FA57800FA508D /* ItemDetailPresenterFactory.swift in Sources */ = {isa = PBXBuildFile; fileRef = 3CFB28D5217FA57800FA508D /* ItemDetailPresenterFactory.swift */; };
		3CFB2901218216B000FA508D /* ItemDetailArmorPresenter.swift in Sources */ = {isa = PBXBuildFile; fileRef = 3CFB2900218216B000FA508D /* ItemDetailArmorPresenter.swift */; };
		3CFB29032182245A00FA508D /* ItemDetailMiscPresenter.swift in Sources */ = {isa = PBXBuildFile; fileRef = 3CFB29022182245A00FA508D /* ItemDetailMiscPresenter.swift */; };
		3CFB29052182282700FA508D /* ItemDetailRingPresenter.swift in Sources */ = {isa = PBXBuildFile; fileRef = 3CFB29042182282700FA508D /* ItemDetailRingPresenter.swift */; };
		3CFB29072182285100FA508D /* ItemDetailSpellPresenter.swift in Sources */ = {isa = PBXBuildFile; fileRef = 3CFB29062182285100FA508D /* ItemDetailSpellPresenter.swift */; };
		3CFB2909218255E000FA508D /* WeaponDetailView.xib in Resources */ = {isa = PBXBuildFile; fileRef = 3CFB2908218255E000FA508D /* WeaponDetailView.xib */; };
		3CFB290B21834E0B00FA508D /* ArmorDetailView.xib in Resources */ = {isa = PBXBuildFile; fileRef = 3CFB290A21834E0B00FA508D /* ArmorDetailView.xib */; };
		3CFB290E2183D71400FA508D /* ArmorDetailView.swift in Sources */ = {isa = PBXBuildFile; fileRef = 3CFB290D2183D71400FA508D /* ArmorDetailView.swift */; };
		3CFB29102183D7F700FA508D /* WeaponDetailView.swift in Sources */ = {isa = PBXBuildFile; fileRef = 3CFB290F2183D7F700FA508D /* WeaponDetailView.swift */; };
/* End PBXBuildFile section */

/* Begin PBXContainerItemProxy section */
		3C8C0AC9207FA454004D816C /* PBXContainerItemProxy */ = {
			isa = PBXContainerItemProxy;
			containerPortal = 3C75EFFD2073F7CD00278A74 /* Project object */;
			proxyType = 1;
			remoteGlobalIDString = 3C75F0042073F7CD00278A74;
			remoteInfo = DarkArmory;
		};
/* End PBXContainerItemProxy section */

/* Begin PBXFileReference section */
		3C0AF30D20B8613300A7B9A3 /* ItemsListRingsPresenter.swift */ = {isa = PBXFileReference; lastKnownFileType = sourcecode.swift; path = ItemsListRingsPresenter.swift; sourceTree = "<group>"; };
		3C0AF30F20B8624200A7B9A3 /* RingsData.swift */ = {isa = PBXFileReference; lastKnownFileType = sourcecode.swift; path = RingsData.swift; sourceTree = "<group>"; };
		3C0AF31120B8657400A7B9A3 /* CommonData.swift */ = {isa = PBXFileReference; lastKnownFileType = sourcecode.swift; path = CommonData.swift; sourceTree = "<group>"; };
		3C23812420B7621500D9CB72 /* GameElement.swift */ = {isa = PBXFileReference; lastKnownFileType = sourcecode.swift; path = GameElement.swift; sourceTree = "<group>"; };
		3C33E5B22075767E00CBD689 /* UIImageWithGif.swift */ = {isa = PBXFileReference; lastKnownFileType = sourcecode.swift; path = UIImageWithGif.swift; sourceTree = "<group>"; };
		3C33E5B820757CAB00CBD689 /* bonfireAnimated.gif */ = {isa = PBXFileReference; lastKnownFileType = image.gif; path = bonfireAnimated.gif; sourceTree = "<group>"; };
		3C489E3D20BC595700FD855F /* ItemsListViewController+TableView.swift */ = {isa = PBXFileReference; lastKnownFileType = sourcecode.swift; path = "ItemsListViewController+TableView.swift"; sourceTree = "<group>"; };
		3C489E4020BC677A00FD855F /* WeaponsTableViewCell.swift */ = {isa = PBXFileReference; lastKnownFileType = sourcecode.swift; path = WeaponsTableViewCell.swift; sourceTree = "<group>"; };
		3C489E4220BC739200FD855F /* RingsTableViewCell.swift */ = {isa = PBXFileReference; lastKnownFileType = sourcecode.swift; path = RingsTableViewCell.swift; sourceTree = "<group>"; };
		3C489E4420BC79FC00FD855F /* ReusableCellIdentifierProtocol.swift */ = {isa = PBXFileReference; lastKnownFileType = sourcecode.swift; path = ReusableCellIdentifierProtocol.swift; sourceTree = "<group>"; };
		3C4E1504208E8FF600875272 /* Alamofire.framework.dSYM */ = {isa = PBXFileReference; lastKnownFileType = wrapper.dsym; name = Alamofire.framework.dSYM; path = Carthage/Build/iOS/Alamofire.framework.dSYM; sourceTree = SOURCE_ROOT; };
		3C4E1505208E8FF600875272 /* Alamofire.framework */ = {isa = PBXFileReference; lastKnownFileType = wrapper.framework; name = Alamofire.framework; path = Carthage/Build/iOS/Alamofire.framework; sourceTree = SOURCE_ROOT; };
		3C4E1511208FA85300875272 /* ItemsListViewController.swift */ = {isa = PBXFileReference; lastKnownFileType = sourcecode.swift; path = ItemsListViewController.swift; sourceTree = "<group>"; };
		3C4EB67520A4DD2B00385BFA /* UseCaseLocator.swift */ = {isa = PBXFileReference; lastKnownFileType = sourcecode.swift; path = UseCaseLocator.swift; sourceTree = "<group>"; };
		3C4EB67720A4E13F00385BFA /* SoulsGameSingleton.swift */ = {isa = PBXFileReference; lastKnownFileType = sourcecode.swift; path = SoulsGameSingleton.swift; sourceTree = "<group>"; };
		3C4EB67920A4E9F100385BFA /* UseCaseImplementation.swift */ = {isa = PBXFileReference; lastKnownFileType = sourcecode.swift; path = UseCaseImplementation.swift; sourceTree = "<group>"; };
		3C57683120BCCD2400234C61 /* AlamofireImage.framework */ = {isa = PBXFileReference; lastKnownFileType = wrapper.framework; name = AlamofireImage.framework; path = Carthage/Build/iOS/AlamofireImage.framework; sourceTree = "<group>"; };
		3C5B87E020C6F2B30067FDAD /* RequestElementsListImpl.swift */ = {isa = PBXFileReference; lastKnownFileType = sourcecode.swift; path = RequestElementsListImpl.swift; sourceTree = "<group>"; };
		3C5B87E220C6F5280067FDAD /* RequestElementsList.swift */ = {isa = PBXFileReference; lastKnownFileType = sourcecode.swift; path = RequestElementsList.swift; sourceTree = "<group>"; };
		3C5B87E420C6F92C0067FDAD /* UseCaseWithServiceImplementation.swift */ = {isa = PBXFileReference; lastKnownFileType = sourcecode.swift; path = UseCaseWithServiceImplementation.swift; sourceTree = "<group>"; };
		3C75F0052073F7CD00278A74 /* DarkArmory.app */ = {isa = PBXFileReference; explicitFileType = wrapper.application; includeInIndex = 0; path = DarkArmory.app; sourceTree = BUILT_PRODUCTS_DIR; };
		3C75F0082073F7CD00278A74 /* AppDelegate.swift */ = {isa = PBXFileReference; lastKnownFileType = sourcecode.swift; path = AppDelegate.swift; sourceTree = "<group>"; };
		3C75F00A2073F7CD00278A74 /* SelectListViewController.swift */ = {isa = PBXFileReference; lastKnownFileType = sourcecode.swift; path = SelectListViewController.swift; sourceTree = "<group>"; };
		3C75F00D2073F7CD00278A74 /* Base */ = {isa = PBXFileReference; lastKnownFileType = file.storyboard; name = Base; path = Base.lproj/Main.storyboard; sourceTree = "<group>"; };
		3C75F00F2073F7CD00278A74 /* Assets.xcassets */ = {isa = PBXFileReference; lastKnownFileType = folder.assetcatalog; path = Assets.xcassets; sourceTree = "<group>"; };
		3C75F0122073F7CD00278A74 /* Base */ = {isa = PBXFileReference; lastKnownFileType = file.storyboard; name = Base; path = Base.lproj/LaunchScreen.storyboard; sourceTree = "<group>"; };
		3C75F0142073F7CD00278A74 /* Info.plist */ = {isa = PBXFileReference; lastKnownFileType = text.plist.xml; path = Info.plist; sourceTree = "<group>"; };
		3C75F01B2073FC5E00278A74 /* OptimusPrinceps.ttf */ = {isa = PBXFileReference; lastKnownFileType = file; path = OptimusPrinceps.ttf; sourceTree = "<group>"; };
		3C75F01D207421D500278A74 /* SoulsCalculatorViewController.swift */ = {isa = PBXFileReference; lastKnownFileType = sourcecode.swift; path = SoulsCalculatorViewController.swift; sourceTree = "<group>"; };
		3C75F01F20744C5800278A74 /* UICustomView.swift */ = {isa = PBXFileReference; lastKnownFileType = sourcecode.swift; path = UICustomView.swift; sourceTree = "<group>"; };
		3C75F02120744FE300278A74 /* SelectGameViewController.swift */ = {isa = PBXFileReference; lastKnownFileType = sourcecode.swift; path = SelectGameViewController.swift; sourceTree = "<group>"; };
		3C75F026207522C100278A74 /* UICustomButton.swift */ = {isa = PBXFileReference; lastKnownFileType = sourcecode.swift; path = UICustomButton.swift; sourceTree = "<group>"; };
		3C7B856E2088FB6B00A3AC65 /* UICustomViewController.swift */ = {isa = PBXFileReference; lastKnownFileType = sourcecode.swift; path = UICustomViewController.swift; sourceTree = "<group>"; };
		3C84F3EC2080FFD9001F3C32 /* SoulsCalculatorPresenter.swift */ = {isa = PBXFileReference; lastKnownFileType = sourcecode.swift; path = SoulsCalculatorPresenter.swift; sourceTree = "<group>"; };
		3C84F3EF2081037F001F3C32 /* SoulsSeriesGame.swift */ = {isa = PBXFileReference; lastKnownFileType = sourcecode.swift; path = SoulsSeriesGame.swift; sourceTree = "<group>"; };
		3C84F3F420816F24001F3C32 /* CustomInteger.swift */ = {isa = PBXFileReference; lastKnownFileType = sourcecode.swift; path = CustomInteger.swift; sourceTree = "<group>"; };
		3C896CB520B771C900981B9B /* ItemsListWeaponsPresenter.swift */ = {isa = PBXFileReference; lastKnownFileType = sourcecode.swift; path = ItemsListWeaponsPresenter.swift; sourceTree = "<group>"; };
		3C896CB720B84FDA00981B9B /* ItemsListMediator.swift */ = {isa = PBXFileReference; lastKnownFileType = sourcecode.swift; path = ItemsListMediator.swift; sourceTree = "<group>"; };
		3C8C0AB9207EB032004D816C /* CalculateSouls.swift */ = {isa = PBXFileReference; lastKnownFileType = sourcecode.swift; path = CalculateSouls.swift; sourceTree = "<group>"; };
		3C8C0ABC207EB0C3004D816C /* CalculateSoulsLordran.swift */ = {isa = PBXFileReference; lastKnownFileType = sourcecode.swift; path = CalculateSoulsLordran.swift; sourceTree = "<group>"; };
		3C8C0ABE207EB0CE004D816C /* CalculateSoulsDrangleic.swift */ = {isa = PBXFileReference; lastKnownFileType = sourcecode.swift; path = CalculateSoulsDrangleic.swift; sourceTree = "<group>"; };
		3C8C0AC4207FA453004D816C /* DarkArmoryTests.xctest */ = {isa = PBXFileReference; explicitFileType = wrapper.cfbundle; includeInIndex = 0; path = DarkArmoryTests.xctest; sourceTree = BUILT_PRODUCTS_DIR; };
		3C8C0AC6207FA453004D816C /* DarkArmoryTests.swift */ = {isa = PBXFileReference; lastKnownFileType = sourcecode.swift; path = DarkArmoryTests.swift; sourceTree = "<group>"; };
		3C8C0AC8207FA454004D816C /* Info.plist */ = {isa = PBXFileReference; lastKnownFileType = text.plist.xml; path = Info.plist; sourceTree = "<group>"; };
		3C94C0F820BDBEA1009F9C1B /* MiscsTableViewCell.swift */ = {isa = PBXFileReference; lastKnownFileType = sourcecode.swift; path = MiscsTableViewCell.swift; sourceTree = "<group>"; };
		3C94C0FA20BDE36F009F9C1B /* MiscsData.swift */ = {isa = PBXFileReference; lastKnownFileType = sourcecode.swift; path = MiscsData.swift; sourceTree = "<group>"; };
		3C94C0FC20BDE57E009F9C1B /* ItemsListMiscPresenter.swift */ = {isa = PBXFileReference; lastKnownFileType = sourcecode.swift; path = ItemsListMiscPresenter.swift; sourceTree = "<group>"; };
		3C94C0FE20BF1FD8009F9C1B /* SpellsData.swift */ = {isa = PBXFileReference; lastKnownFileType = sourcecode.swift; path = SpellsData.swift; sourceTree = "<group>"; };
		3C94C10020BF27A3009F9C1B /* ItemsListSpellsPresenter.swift */ = {isa = PBXFileReference; lastKnownFileType = sourcecode.swift; path = ItemsListSpellsPresenter.swift; sourceTree = "<group>"; };
		3C94C10220BF2F98009F9C1B /* SpellsTableViewCell.swift */ = {isa = PBXFileReference; lastKnownFileType = sourcecode.swift; path = SpellsTableViewCell.swift; sourceTree = "<group>"; };
		3CA9D56A20B8999B00A624BF /* ItemsListPresenterFactory.swift */ = {isa = PBXFileReference; lastKnownFileType = sourcecode.swift; path = ItemsListPresenterFactory.swift; sourceTree = "<group>"; };
		3CBD3E962186887F00D491F1 /* ItemDetailViewController+DetailView.swift */ = {isa = PBXFileReference; lastKnownFileType = sourcecode.swift; path = "ItemDetailViewController+DetailView.swift"; sourceTree = "<group>"; };
		3CBD3E982189194D00D491F1 /* UIViewExtension.swift */ = {isa = PBXFileReference; lastKnownFileType = sourcecode.swift; path = UIViewExtension.swift; sourceTree = "<group>"; };
		3CC8AC2A20C1B6DA005718A8 /* ArmorsData.swift */ = {isa = PBXFileReference; lastKnownFileType = sourcecode.swift; path = ArmorsData.swift; sourceTree = "<group>"; };
		3CC8AC2C20C1C707005718A8 /* ItemsListArmorsPresenter.swift */ = {isa = PBXFileReference; lastKnownFileType = sourcecode.swift; path = ItemsListArmorsPresenter.swift; sourceTree = "<group>"; };
		3CC8AC2E20C1CA24005718A8 /* ArmorsTableViewCell.swift */ = {isa = PBXFileReference; lastKnownFileType = sourcecode.swift; path = ArmorsTableViewCell.swift; sourceTree = "<group>"; };
		3CE8333A2085120500C37E3F /* CalculateSoulsLothric.swift */ = {isa = PBXFileReference; lastKnownFileType = sourcecode.swift; path = CalculateSoulsLothric.swift; sourceTree = "<group>"; };
		3CE83DB720ADCC2800EBD210 /* DarkArmoryAPIRouter.swift */ = {isa = PBXFileReference; lastKnownFileType = sourcecode.swift; path = DarkArmoryAPIRouter.swift; sourceTree = "<group>"; };
		3CE83DB920ADD18500EBD210 /* DarkArmoryAPIService.swift */ = {isa = PBXFileReference; lastKnownFileType = sourcecode.swift; path = DarkArmoryAPIService.swift; sourceTree = "<group>"; };
		3CE83DBB20ADD68300EBD210 /* DarkArmoryService.swift */ = {isa = PBXFileReference; lastKnownFileType = sourcecode.swift; path = DarkArmoryService.swift; sourceTree = "<group>"; };
		3CE83DBD20ADD6D100EBD210 /* WeaponsData.swift */ = {isa = PBXFileReference; lastKnownFileType = sourcecode.swift; path = WeaponsData.swift; sourceTree = "<group>"; };
		3CE83DC020AF6F0100EBD210 /* ItemsListBasePresenter.swift */ = {isa = PBXFileReference; lastKnownFileType = sourcecode.swift; path = ItemsListBasePresenter.swift; sourceTree = "<group>"; };
		3CFB28C8217CC17100FA508D /* RequestElementsDetail.swift */ = {isa = PBXFileReference; lastKnownFileType = sourcecode.swift; path = RequestElementsDetail.swift; sourceTree = "<group>"; };
		3CFB28CA217D3CE300FA508D /* RequestElementsDetailImpl.swift */ = {isa = PBXFileReference; lastKnownFileType = sourcecode.swift; path = RequestElementsDetailImpl.swift; sourceTree = "<group>"; };
		3CFB28CC217ECB2800FA508D /* ItemDetailViewController.swift */ = {isa = PBXFileReference; lastKnownFileType = sourcecode.swift; path = ItemDetailViewController.swift; sourceTree = "<group>"; };
		3CFB28CE217ECC2D00FA508D /* ItemDetailBasePresenter.swift */ = {isa = PBXFileReference; lastKnownFileType = sourcecode.swift; path = ItemDetailBasePresenter.swift; sourceTree = "<group>"; };
		3CFB28D1217ED41C00FA508D /* ItemDetailMediator.swift */ = {isa = PBXFileReference; lastKnownFileType = sourcecode.swift; path = ItemDetailMediator.swift; sourceTree = "<group>"; };
		3CFB28D3217ED49800FA508D /* ItemDetailWeaponPresenter.swift */ = {isa = PBXFileReference; lastKnownFileType = sourcecode.swift; path = ItemDetailWeaponPresenter.swift; sourceTree = "<group>"; };
		3CFB28D5217FA57800FA508D /* ItemDetailPresenterFactory.swift */ = {isa = PBXFileReference; lastKnownFileType = sourcecode.swift; path = ItemDetailPresenterFactory.swift; sourceTree = "<group>"; };
		3CFB2900218216B000FA508D /* ItemDetailArmorPresenter.swift */ = {isa = PBXFileReference; lastKnownFileType = sourcecode.swift; path = ItemDetailArmorPresenter.swift; sourceTree = "<group>"; };
		3CFB29022182245A00FA508D /* ItemDetailMiscPresenter.swift */ = {isa = PBXFileReference; lastKnownFileType = sourcecode.swift; path = ItemDetailMiscPresenter.swift; sourceTree = "<group>"; };
		3CFB29042182282700FA508D /* ItemDetailRingPresenter.swift */ = {isa = PBXFileReference; lastKnownFileType = sourcecode.swift; path = ItemDetailRingPresenter.swift; sourceTree = "<group>"; };
		3CFB29062182285100FA508D /* ItemDetailSpellPresenter.swift */ = {isa = PBXFileReference; lastKnownFileType = sourcecode.swift; path = ItemDetailSpellPresenter.swift; sourceTree = "<group>"; };
		3CFB2908218255E000FA508D /* WeaponDetailView.xib */ = {isa = PBXFileReference; lastKnownFileType = file.xib; path = WeaponDetailView.xib; sourceTree = "<group>"; };
		3CFB290A21834E0B00FA508D /* ArmorDetailView.xib */ = {isa = PBXFileReference; lastKnownFileType = file.xib; path = ArmorDetailView.xib; sourceTree = "<group>"; };
		3CFB290D2183D71400FA508D /* ArmorDetailView.swift */ = {isa = PBXFileReference; lastKnownFileType = sourcecode.swift; path = ArmorDetailView.swift; sourceTree = "<group>"; };
		3CFB290F2183D7F700FA508D /* WeaponDetailView.swift */ = {isa = PBXFileReference; lastKnownFileType = sourcecode.swift; path = WeaponDetailView.swift; sourceTree = "<group>"; };
/* End PBXFileReference section */

/* Begin PBXFrameworksBuildPhase section */
		3C75F0022073F7CD00278A74 /* Frameworks */ = {
			isa = PBXFrameworksBuildPhase;
			buildActionMask = 2147483647;
			files = (
				3C57683220BCCD2400234C61 /* AlamofireImage.framework in Frameworks */,
			);
			runOnlyForDeploymentPostprocessing = 0;
		};
		3C8C0AC1207FA453004D816C /* Frameworks */ = {
			isa = PBXFrameworksBuildPhase;
			buildActionMask = 2147483647;
			files = (
			);
			runOnlyForDeploymentPostprocessing = 0;
		};
/* End PBXFrameworksBuildPhase section */

/* Begin PBXGroup section */
		3C489E3F20BC675900FD855F /* ItemsListCells */ = {
			isa = PBXGroup;
			children = (
				3C489E4420BC79FC00FD855F /* ReusableCellIdentifierProtocol.swift */,
				3C489E4020BC677A00FD855F /* WeaponsTableViewCell.swift */,
				3C489E4220BC739200FD855F /* RingsTableViewCell.swift */,
				3C94C0F820BDBEA1009F9C1B /* MiscsTableViewCell.swift */,
				3C94C10220BF2F98009F9C1B /* SpellsTableViewCell.swift */,
				3CC8AC2E20C1CA24005718A8 /* ArmorsTableViewCell.swift */,
			);
			path = ItemsListCells;
			sourceTree = "<group>";
		};
		3C4E1503208E8FD400875272 /* AlamofireFramework */ = {
			isa = PBXGroup;
			children = (
				3C4E1505208E8FF600875272 /* Alamofire.framework */,
				3C4E1504208E8FF600875272 /* Alamofire.framework.dSYM */,
			);
			path = AlamofireFramework;
			sourceTree = "<group>";
		};
		3C57683020BCCD2300234C61 /* Frameworks */ = {
			isa = PBXGroup;
			children = (
				3C57683120BCCD2400234C61 /* AlamofireImage.framework */,
			);
			name = Frameworks;
			sourceTree = "<group>";
		};
		3C75EFFC2073F7CD00278A74 = {
			isa = PBXGroup;
			children = (
				3C75F0072073F7CD00278A74 /* DarkArmory */,
				3C8C0AC5207FA453004D816C /* DarkArmoryTests */,
				3C75F0062073F7CD00278A74 /* Products */,
				3C57683020BCCD2300234C61 /* Frameworks */,
			);
			sourceTree = "<group>";
		};
		3C75F0062073F7CD00278A74 /* Products */ = {
			isa = PBXGroup;
			children = (
				3C75F0052073F7CD00278A74 /* DarkArmory.app */,
				3C8C0AC4207FA453004D816C /* DarkArmoryTests.xctest */,
			);
			name = Products;
			sourceTree = "<group>";
		};
		3C75F0072073F7CD00278A74 /* DarkArmory */ = {
			isa = PBXGroup;
			children = (
				3C4E1503208E8FD400875272 /* AlamofireFramework */,
				3C8C0AB7207EAF8A004D816C /* Core */,
				3C84F3EB2080FE8C001F3C32 /* Presenters */,
				3C84F3F1208110D5001F3C32 /* Views */,
				3C75F0082073F7CD00278A74 /* AppDelegate.swift */,
				3C75F0142073F7CD00278A74 /* Info.plist */,
			);
			path = DarkArmory;
			sourceTree = "<group>";
		};
		3C75F01A2073FC2D00278A74 /* FontAssets */ = {
			isa = PBXGroup;
			children = (
				3C75F01B2073FC5E00278A74 /* OptimusPrinceps.ttf */,
			);
			path = FontAssets;
			sourceTree = "<group>";
		};
		3C75F023207521D500278A74 /* CustomUIComponents */ = {
			isa = PBXGroup;
			children = (
				3C75F01F20744C5800278A74 /* UICustomView.swift */,
				3C75F026207522C100278A74 /* UICustomButton.swift */,
				3C33E5B22075767E00CBD689 /* UIImageWithGif.swift */,
				3C7B856E2088FB6B00A3AC65 /* UICustomViewController.swift */,
				3CBD3E982189194D00D491F1 /* UIViewExtension.swift */,
			);
			path = CustomUIComponents;
			sourceTree = "<group>";
		};
		3C84F3EB2080FE8C001F3C32 /* Presenters */ = {
			isa = PBXGroup;
			children = (
				3C84F3EC2080FFD9001F3C32 /* SoulsCalculatorPresenter.swift */,
				3CFB28CE217ECC2D00FA508D /* ItemDetailBasePresenter.swift */,
				3CFB28D5217FA57800FA508D /* ItemDetailPresenterFactory.swift */,
				3CE83DC020AF6F0100EBD210 /* ItemsListBasePresenter.swift */,
				3CA9D56A20B8999B00A624BF /* ItemsListPresenterFactory.swift */,
				3C896CB420B771AC00981B9B /* ListsPresenters */,
				3CFB28D0217ED3FD00FA508D /* DetailPresenters */,
			);
			path = Presenters;
			sourceTree = "<group>";
		};
		3C84F3EE20810361001F3C32 /* Entities */ = {
			isa = PBXGroup;
			children = (
				3CE83DBF20ADD6F600EBD210 /* ObjectsData */,
				3C84F3EF2081037F001F3C32 /* SoulsSeriesGame.swift */,
				3C84F3F420816F24001F3C32 /* CustomInteger.swift */,
				3C4EB67720A4E13F00385BFA /* SoulsGameSingleton.swift */,
				3C23812420B7621500D9CB72 /* GameElement.swift */,
			);
			path = Entities;
			sourceTree = "<group>";
		};
		3C84F3F1208110D5001F3C32 /* Views */ = {
			isa = PBXGroup;
			children = (
				3CFB290C2183D4C500FA508D /* ItemsDetailViews */,
				3C489E3F20BC675900FD855F /* ItemsListCells */,
				3C75F01D207421D500278A74 /* SoulsCalculatorViewController.swift */,
				3C75F02120744FE300278A74 /* SelectGameViewController.swift */,
				3C75F00A2073F7CD00278A74 /* SelectListViewController.swift */,
				3C4E1511208FA85300875272 /* ItemsListViewController.swift */,
				3C489E3D20BC595700FD855F /* ItemsListViewController+TableView.swift */,
				3CFB28CC217ECB2800FA508D /* ItemDetailViewController.swift */,
				3CBD3E962186887F00D491F1 /* ItemDetailViewController+DetailView.swift */,
				3C84F3F220813A6E001F3C32 /* Assets */,
				3C84F3F320813CEA001F3C32 /* Storyboards */,
				3C75F023207521D500278A74 /* CustomUIComponents */,
			);
			path = Views;
			sourceTree = "<group>";
		};
		3C84F3F220813A6E001F3C32 /* Assets */ = {
			isa = PBXGroup;
			children = (
				3C33E5B820757CAB00CBD689 /* bonfireAnimated.gif */,
				3C75F00F2073F7CD00278A74 /* Assets.xcassets */,
				3C75F01A2073FC2D00278A74 /* FontAssets */,
			);
			path = Assets;
			sourceTree = "<group>";
		};
		3C84F3F320813CEA001F3C32 /* Storyboards */ = {
			isa = PBXGroup;
			children = (
				3C75F00C2073F7CD00278A74 /* Main.storyboard */,
				3C75F0112073F7CD00278A74 /* LaunchScreen.storyboard */,
				3CFB290A21834E0B00FA508D /* ArmorDetailView.xib */,
				3CFB2908218255E000FA508D /* WeaponDetailView.xib */,
			);
			path = Storyboards;
			sourceTree = "<group>";
		};
		3C896CB420B771AC00981B9B /* ListsPresenters */ = {
			isa = PBXGroup;
			children = (
				3C896CB720B84FDA00981B9B /* ItemsListMediator.swift */,
				3CC8AC2C20C1C707005718A8 /* ItemsListArmorsPresenter.swift */,
				3C94C0FC20BDE57E009F9C1B /* ItemsListMiscPresenter.swift */,
				3C0AF30D20B8613300A7B9A3 /* ItemsListRingsPresenter.swift */,
				3C94C10020BF27A3009F9C1B /* ItemsListSpellsPresenter.swift */,
				3C896CB520B771C900981B9B /* ItemsListWeaponsPresenter.swift */,
			);
			path = ListsPresenters;
			sourceTree = "<group>";
		};
		3C8C0AB7207EAF8A004D816C /* Core */ = {
			isa = PBXGroup;
			children = (
				3CE83DB520ADCBFF00EBD210 /* Services */,
				3C84F3EE20810361001F3C32 /* Entities */,
				3C8C0AB8207EB014004D816C /* UseCases */,
				3C4EB67520A4DD2B00385BFA /* UseCaseLocator.swift */,
			);
			path = Core;
			sourceTree = "<group>";
		};
		3C8C0AB8207EB014004D816C /* UseCases */ = {
			isa = PBXGroup;
			children = (
				3C8C0ABB207EB094004D816C /* Implementation */,
				3C8C0AB9207EB032004D816C /* CalculateSouls.swift */,
				3C5B87E220C6F5280067FDAD /* RequestElementsList.swift */,
				3CFB28C8217CC17100FA508D /* RequestElementsDetail.swift */,
			);
			path = UseCases;
			sourceTree = "<group>";
		};
		3C8C0ABB207EB094004D816C /* Implementation */ = {
			isa = PBXGroup;
			children = (
				3C8C0ABC207EB0C3004D816C /* CalculateSoulsLordran.swift */,
				3C8C0ABE207EB0CE004D816C /* CalculateSoulsDrangleic.swift */,
				3CE8333A2085120500C37E3F /* CalculateSoulsLothric.swift */,
				3C5B87E020C6F2B30067FDAD /* RequestElementsListImpl.swift */,
				3CFB28CA217D3CE300FA508D /* RequestElementsDetailImpl.swift */,
				3C4EB67920A4E9F100385BFA /* UseCaseImplementation.swift */,
				3C5B87E420C6F92C0067FDAD /* UseCaseWithServiceImplementation.swift */,
			);
			path = Implementation;
			sourceTree = "<group>";
		};
		3C8C0AC5207FA453004D816C /* DarkArmoryTests */ = {
			isa = PBXGroup;
			children = (
				3C8C0AC6207FA453004D816C /* DarkArmoryTests.swift */,
				3C8C0AC8207FA454004D816C /* Info.plist */,
			);
			path = DarkArmoryTests;
			sourceTree = "<group>";
		};
		3CE83DB520ADCBFF00EBD210 /* Services */ = {
			isa = PBXGroup;
			children = (
				3CE83DB620ADCC0C00EBD210 /* Adapters */,
				3CE83DB720ADCC2800EBD210 /* DarkArmoryAPIRouter.swift */,
				3CE83DBB20ADD68300EBD210 /* DarkArmoryService.swift */,
			);
			path = Services;
			sourceTree = "<group>";
		};
		3CE83DB620ADCC0C00EBD210 /* Adapters */ = {
			isa = PBXGroup;
			children = (
				3CE83DB920ADD18500EBD210 /* DarkArmoryAPIService.swift */,
			);
			path = Adapters;
			sourceTree = "<group>";
		};
		3CE83DBF20ADD6F600EBD210 /* ObjectsData */ = {
			isa = PBXGroup;
			children = (
				3C0AF31120B8657400A7B9A3 /* CommonData.swift */,
				3CC8AC2A20C1B6DA005718A8 /* ArmorsData.swift */,
				3C94C0FA20BDE36F009F9C1B /* MiscsData.swift */,
				3C0AF30F20B8624200A7B9A3 /* RingsData.swift */,
				3C94C0FE20BF1FD8009F9C1B /* SpellsData.swift */,
				3CE83DBD20ADD6D100EBD210 /* WeaponsData.swift */,
			);
			path = ObjectsData;
			sourceTree = "<group>";
		};
		3CFB28D0217ED3FD00FA508D /* DetailPresenters */ = {
			isa = PBXGroup;
			children = (
				3CFB28D1217ED41C00FA508D /* ItemDetailMediator.swift */,
				3CFB2900218216B000FA508D /* ItemDetailArmorPresenter.swift */,
				3CFB29022182245A00FA508D /* ItemDetailMiscPresenter.swift */,
				3CFB29042182282700FA508D /* ItemDetailRingPresenter.swift */,
				3CFB29062182285100FA508D /* ItemDetailSpellPresenter.swift */,
				3CFB28D3217ED49800FA508D /* ItemDetailWeaponPresenter.swift */,
			);
			path = DetailPresenters;
			sourceTree = "<group>";
		};
		3CFB290C2183D4C500FA508D /* ItemsDetailViews */ = {
			isa = PBXGroup;
			children = (
				3CFB290D2183D71400FA508D /* ArmorDetailView.swift */,
				3CFB290F2183D7F700FA508D /* WeaponDetailView.swift */,
			);
			path = ItemsDetailViews;
			sourceTree = "<group>";
		};
/* End PBXGroup section */

/* Begin PBXNativeTarget section */
		3C75F0042073F7CD00278A74 /* DarkArmory */ = {
			isa = PBXNativeTarget;
			buildConfigurationList = 3C75F0172073F7CD00278A74 /* Build configuration list for PBXNativeTarget "DarkArmory" */;
			buildPhases = (
				3C75F0012073F7CD00278A74 /* Sources */,
				3C75F0022073F7CD00278A74 /* Frameworks */,
				3C75F0032073F7CD00278A74 /* Resources */,
				3C57682F20BCCC8300234C61 /* ShellScript */,
			);
			buildRules = (
			);
			dependencies = (
			);
			name = DarkArmory;
			productName = DarkArmory;
			productReference = 3C75F0052073F7CD00278A74 /* DarkArmory.app */;
			productType = "com.apple.product-type.application";
		};
		3C8C0AC3207FA453004D816C /* DarkArmoryTests */ = {
			isa = PBXNativeTarget;
			buildConfigurationList = 3C8C0ACB207FA454004D816C /* Build configuration list for PBXNativeTarget "DarkArmoryTests" */;
			buildPhases = (
				3C8C0AC0207FA453004D816C /* Sources */,
				3C8C0AC1207FA453004D816C /* Frameworks */,
				3C8C0AC2207FA453004D816C /* Resources */,
			);
			buildRules = (
			);
			dependencies = (
				3C8C0ACA207FA454004D816C /* PBXTargetDependency */,
			);
			name = DarkArmoryTests;
			productName = DarkArmoryTests;
			productReference = 3C8C0AC4207FA453004D816C /* DarkArmoryTests.xctest */;
			productType = "com.apple.product-type.bundle.unit-test";
		};
/* End PBXNativeTarget section */

/* Begin PBXProject section */
		3C75EFFD2073F7CD00278A74 /* Project object */ = {
			isa = PBXProject;
			attributes = {
				LastSwiftUpdateCheck = 0920;
				LastUpgradeCheck = 0930;
				ORGANIZATIONNAME = "Santiago Romero Restrepo";
				TargetAttributes = {
					3C75F0042073F7CD00278A74 = {
						CreatedOnToolsVersion = 9.2;
						LastSwiftMigration = 1010;
						ProvisioningStyle = Automatic;
					};
					3C8C0AC3207FA453004D816C = {
						CreatedOnToolsVersion = 9.2;
						LastSwiftMigration = 1010;
						ProvisioningStyle = Automatic;
						TestTargetID = 3C75F0042073F7CD00278A74;
					};
				};
			};
			buildConfigurationList = 3C75F0002073F7CD00278A74 /* Build configuration list for PBXProject "DarkArmory" */;
			compatibilityVersion = "Xcode 8.0";
			developmentRegion = en;
			hasScannedForEncodings = 0;
			knownRegions = (
				en,
				Base,
			);
			mainGroup = 3C75EFFC2073F7CD00278A74;
			productRefGroup = 3C75F0062073F7CD00278A74 /* Products */;
			projectDirPath = "";
			projectRoot = "";
			targets = (
				3C75F0042073F7CD00278A74 /* DarkArmory */,
				3C8C0AC3207FA453004D816C /* DarkArmoryTests */,
			);
		};
/* End PBXProject section */

/* Begin PBXResourcesBuildPhase section */
		3C75F0032073F7CD00278A74 /* Resources */ = {
			isa = PBXResourcesBuildPhase;
			buildActionMask = 2147483647;
			files = (
				3CFB2909218255E000FA508D /* WeaponDetailView.xib in Resources */,
				3C75F01C2073FC6800278A74 /* OptimusPrinceps.ttf in Resources */,
				3C75F0132073F7CD00278A74 /* LaunchScreen.storyboard in Resources */,
				3CFB290B21834E0B00FA508D /* ArmorDetailView.xib in Resources */,
				3C75F0102073F7CD00278A74 /* Assets.xcassets in Resources */,
				3C75F00E2073F7CD00278A74 /* Main.storyboard in Resources */,
				3C33E5B920757CAD00CBD689 /* bonfireAnimated.gif in Resources */,
				3C4E1506208E8FF600875272 /* Alamofire.framework.dSYM in Resources */,
			);
			runOnlyForDeploymentPostprocessing = 0;
		};
		3C8C0AC2207FA453004D816C /* Resources */ = {
			isa = PBXResourcesBuildPhase;
			buildActionMask = 2147483647;
			files = (
			);
			runOnlyForDeploymentPostprocessing = 0;
		};
/* End PBXResourcesBuildPhase section */

/* Begin PBXShellScriptBuildPhase section */
		3C57682F20BCCC8300234C61 /* ShellScript */ = {
			isa = PBXShellScriptBuildPhase;
			buildActionMask = 2147483647;
			files = (
			);
			inputPaths = (
				"$(SRCROOT)/Carthage/Build/iOS/AlamofireImage.framework",
				"$(SRCROOT)/Carthage/Build/iOS/Alamofire.framework",
			);
			outputPaths = (
			);
			runOnlyForDeploymentPostprocessing = 0;
			shellPath = /bin/sh;
			shellScript = "/usr/local/bin/carthage copy-frameworks";
		};
/* End PBXShellScriptBuildPhase section */

/* Begin PBXSourcesBuildPhase section */
		3C75F0012073F7CD00278A74 /* Sources */ = {
			isa = PBXSourcesBuildPhase;
			buildActionMask = 2147483647;
			files = (
				3CFB28D2217ED41C00FA508D /* ItemDetailMediator.swift in Sources */,
				3C33E5B32075767E00CBD689 /* UIImageWithGif.swift in Sources */,
				3C94C0FF20BF1FD8009F9C1B /* SpellsData.swift in Sources */,
				3CFB29072182285100FA508D /* ItemDetailSpellPresenter.swift in Sources */,
				3C0AF30E20B8613300A7B9A3 /* ItemsListRingsPresenter.swift in Sources */,
				3CFB29052182282700FA508D /* ItemDetailRingPresenter.swift in Sources */,
				3CE83DBE20ADD6D100EBD210 /* WeaponsData.swift in Sources */,
				3C5B87E520C6F92C0067FDAD /* UseCaseWithServiceImplementation.swift in Sources */,
				3CFB290E2183D71400FA508D /* ArmorDetailView.swift in Sources */,
				3CFB29102183D7F700FA508D /* WeaponDetailView.swift in Sources */,
				3C8C0ABF207EB0CE004D816C /* CalculateSoulsDrangleic.swift in Sources */,
				3C75F027207522C100278A74 /* UICustomButton.swift in Sources */,
				3CBD3E992189194D00D491F1 /* UIViewExtension.swift in Sources */,
				3C94C0F920BDBEA2009F9C1B /* MiscsTableViewCell.swift in Sources */,
				3C489E4320BC739200FD855F /* RingsTableViewCell.swift in Sources */,
				3CFB2901218216B000FA508D /* ItemDetailArmorPresenter.swift in Sources */,
				3C489E4120BC677A00FD855F /* WeaponsTableViewCell.swift in Sources */,
				3C7B856F2088FB6B00A3AC65 /* UICustomViewController.swift in Sources */,
				3C896CB620B771C900981B9B /* ItemsListWeaponsPresenter.swift in Sources */,
				3C75F02020744C5800278A74 /* UICustomView.swift in Sources */,
				3C4E1512208FA85300875272 /* ItemsListViewController.swift in Sources */,
				3C75F01E207421D500278A74 /* SoulsCalculatorViewController.swift in Sources */,
				3C489E4520BC79FC00FD855F /* ReusableCellIdentifierProtocol.swift in Sources */,
				3CE8333B2085120500C37E3F /* CalculateSoulsLothric.swift in Sources */,
				3C4EB67A20A4E9F100385BFA /* UseCaseImplementation.swift in Sources */,
				3CFB28CB217D3CE300FA508D /* RequestElementsDetailImpl.swift in Sources */,
				3C23812520B7621500D9CB72 /* GameElement.swift in Sources */,
				3CFB28CD217ECB2800FA508D /* ItemDetailViewController.swift in Sources */,
				3C94C0FD20BDE57E009F9C1B /* ItemsListMiscPresenter.swift in Sources */,
				3C489E3E20BC595700FD855F /* ItemsListViewController+TableView.swift in Sources */,
				3CE83DBA20ADD18500EBD210 /* DarkArmoryAPIService.swift in Sources */,
				3C84F3ED2080FFD9001F3C32 /* SoulsCalculatorPresenter.swift in Sources */,
				3CC8AC2D20C1C707005718A8 /* ItemsListArmorsPresenter.swift in Sources */,
				3CE83DC120AF6F0100EBD210 /* ItemsListBasePresenter.swift in Sources */,
				3CFB28D6217FA57800FA508D /* ItemDetailPresenterFactory.swift in Sources */,
				3C4EB67820A4E13F00385BFA /* SoulsGameSingleton.swift in Sources */,
				3C75F00B2073F7CD00278A74 /* SelectListViewController.swift in Sources */,
				3C75F0092073F7CD00278A74 /* AppDelegate.swift in Sources */,
				3CFB28CF217ECC2D00FA508D /* ItemDetailBasePresenter.swift in Sources */,
				3CE83DBC20ADD68300EBD210 /* DarkArmoryService.swift in Sources */,
				3CBD3E972186887F00D491F1 /* ItemDetailViewController+DetailView.swift in Sources */,
				3CC8AC2B20C1B6DB005718A8 /* ArmorsData.swift in Sources */,
				3C0AF31220B8657400A7B9A3 /* CommonData.swift in Sources */,
				3C8C0ABD207EB0C3004D816C /* CalculateSoulsLordran.swift in Sources */,
				3CC8AC2F20C1CA24005718A8 /* ArmorsTableViewCell.swift in Sources */,
				3C5B87E320C6F5280067FDAD /* RequestElementsList.swift in Sources */,
				3C896CB820B84FDA00981B9B /* ItemsListMediator.swift in Sources */,
				3C75F02220744FE300278A74 /* SelectGameViewController.swift in Sources */,
				3CE83DB820ADCC2800EBD210 /* DarkArmoryAPIRouter.swift in Sources */,
				3C8C0ABA207EB032004D816C /* CalculateSouls.swift in Sources */,
				3C84F3F520816F24001F3C32 /* CustomInteger.swift in Sources */,
				3C94C10120BF27A3009F9C1B /* ItemsListSpellsPresenter.swift in Sources */,
				3CFB29032182245A00FA508D /* ItemDetailMiscPresenter.swift in Sources */,
				3C0AF31020B8624200A7B9A3 /* RingsData.swift in Sources */,
				3CA9D56B20B8999B00A624BF /* ItemsListPresenterFactory.swift in Sources */,
				3C4EB67620A4DD2B00385BFA /* UseCaseLocator.swift in Sources */,
				3C5B87E120C6F2B30067FDAD /* RequestElementsListImpl.swift in Sources */,
				3C94C0FB20BDE36F009F9C1B /* MiscsData.swift in Sources */,
				3CFB28D4217ED49800FA508D /* ItemDetailWeaponPresenter.swift in Sources */,
				3C94C10320BF2F98009F9C1B /* SpellsTableViewCell.swift in Sources */,
				3C84F3F02081037F001F3C32 /* SoulsSeriesGame.swift in Sources */,
				3CFB28C9217CC17100FA508D /* RequestElementsDetail.swift in Sources */,
			);
			runOnlyForDeploymentPostprocessing = 0;
		};
		3C8C0AC0207FA453004D816C /* Sources */ = {
			isa = PBXSourcesBuildPhase;
			buildActionMask = 2147483647;
			files = (
				3C8C0AC7207FA453004D816C /* DarkArmoryTests.swift in Sources */,
			);
			runOnlyForDeploymentPostprocessing = 0;
		};
/* End PBXSourcesBuildPhase section */

/* Begin PBXTargetDependency section */
		3C8C0ACA207FA454004D816C /* PBXTargetDependency */ = {
			isa = PBXTargetDependency;
			target = 3C75F0042073F7CD00278A74 /* DarkArmory */;
			targetProxy = 3C8C0AC9207FA454004D816C /* PBXContainerItemProxy */;
		};
/* End PBXTargetDependency section */

/* Begin PBXVariantGroup section */
		3C75F00C2073F7CD00278A74 /* Main.storyboard */ = {
			isa = PBXVariantGroup;
			children = (
				3C75F00D2073F7CD00278A74 /* Base */,
			);
			name = Main.storyboard;
			sourceTree = "<group>";
		};
		3C75F0112073F7CD00278A74 /* LaunchScreen.storyboard */ = {
			isa = PBXVariantGroup;
			children = (
				3C75F0122073F7CD00278A74 /* Base */,
			);
			name = LaunchScreen.storyboard;
			sourceTree = "<group>";
		};
/* End PBXVariantGroup section */

/* Begin XCBuildConfiguration section */
		3C75F0152073F7CD00278A74 /* Debug */ = {
			isa = XCBuildConfiguration;
			buildSettings = {
				ALWAYS_SEARCH_USER_PATHS = NO;
				CLANG_ANALYZER_NONNULL = YES;
				CLANG_ANALYZER_NUMBER_OBJECT_CONVERSION = YES_AGGRESSIVE;
				CLANG_CXX_LANGUAGE_STANDARD = "gnu++14";
				CLANG_CXX_LIBRARY = "libc++";
				CLANG_ENABLE_MODULES = YES;
				CLANG_ENABLE_OBJC_ARC = YES;
				CLANG_WARN_BLOCK_CAPTURE_AUTORELEASING = YES;
				CLANG_WARN_BOOL_CONVERSION = YES;
				CLANG_WARN_COMMA = YES;
				CLANG_WARN_CONSTANT_CONVERSION = YES;
				CLANG_WARN_DEPRECATED_OBJC_IMPLEMENTATIONS = YES;
				CLANG_WARN_DIRECT_OBJC_ISA_USAGE = YES_ERROR;
				CLANG_WARN_DOCUMENTATION_COMMENTS = YES;
				CLANG_WARN_EMPTY_BODY = YES;
				CLANG_WARN_ENUM_CONVERSION = YES;
				CLANG_WARN_INFINITE_RECURSION = YES;
				CLANG_WARN_INT_CONVERSION = YES;
				CLANG_WARN_NON_LITERAL_NULL_CONVERSION = YES;
				CLANG_WARN_OBJC_IMPLICIT_RETAIN_SELF = YES;
				CLANG_WARN_OBJC_LITERAL_CONVERSION = YES;
				CLANG_WARN_OBJC_ROOT_CLASS = YES_ERROR;
				CLANG_WARN_RANGE_LOOP_ANALYSIS = YES;
				CLANG_WARN_STRICT_PROTOTYPES = YES;
				CLANG_WARN_SUSPICIOUS_MOVE = YES;
				CLANG_WARN_UNGUARDED_AVAILABILITY = YES_AGGRESSIVE;
				CLANG_WARN_UNREACHABLE_CODE = YES;
				CLANG_WARN__DUPLICATE_METHOD_MATCH = YES;
				CODE_SIGN_IDENTITY = "iPhone Developer";
				COPY_PHASE_STRIP = NO;
				DEBUG_INFORMATION_FORMAT = dwarf;
				ENABLE_STRICT_OBJC_MSGSEND = YES;
				ENABLE_TESTABILITY = YES;
				GCC_C_LANGUAGE_STANDARD = gnu11;
				GCC_DYNAMIC_NO_PIC = NO;
				GCC_NO_COMMON_BLOCKS = YES;
				GCC_OPTIMIZATION_LEVEL = 0;
				GCC_PREPROCESSOR_DEFINITIONS = (
					"DEBUG=1",
					"$(inherited)",
				);
				GCC_WARN_64_TO_32_BIT_CONVERSION = YES;
				GCC_WARN_ABOUT_RETURN_TYPE = YES_ERROR;
				GCC_WARN_UNDECLARED_SELECTOR = YES;
				GCC_WARN_UNINITIALIZED_AUTOS = YES_AGGRESSIVE;
				GCC_WARN_UNUSED_FUNCTION = YES;
				GCC_WARN_UNUSED_VARIABLE = YES;
				IPHONEOS_DEPLOYMENT_TARGET = 11.2;
				MTL_ENABLE_DEBUG_INFO = YES;
				ONLY_ACTIVE_ARCH = YES;
				SDKROOT = iphoneos;
				SWIFT_ACTIVE_COMPILATION_CONDITIONS = DEBUG;
				SWIFT_OPTIMIZATION_LEVEL = "-Onone";
			};
			name = Debug;
		};
		3C75F0162073F7CD00278A74 /* Release */ = {
			isa = XCBuildConfiguration;
			buildSettings = {
				ALWAYS_SEARCH_USER_PATHS = NO;
				CLANG_ANALYZER_NONNULL = YES;
				CLANG_ANALYZER_NUMBER_OBJECT_CONVERSION = YES_AGGRESSIVE;
				CLANG_CXX_LANGUAGE_STANDARD = "gnu++14";
				CLANG_CXX_LIBRARY = "libc++";
				CLANG_ENABLE_MODULES = YES;
				CLANG_ENABLE_OBJC_ARC = YES;
				CLANG_WARN_BLOCK_CAPTURE_AUTORELEASING = YES;
				CLANG_WARN_BOOL_CONVERSION = YES;
				CLANG_WARN_COMMA = YES;
				CLANG_WARN_CONSTANT_CONVERSION = YES;
				CLANG_WARN_DEPRECATED_OBJC_IMPLEMENTATIONS = YES;
				CLANG_WARN_DIRECT_OBJC_ISA_USAGE = YES_ERROR;
				CLANG_WARN_DOCUMENTATION_COMMENTS = YES;
				CLANG_WARN_EMPTY_BODY = YES;
				CLANG_WARN_ENUM_CONVERSION = YES;
				CLANG_WARN_INFINITE_RECURSION = YES;
				CLANG_WARN_INT_CONVERSION = YES;
				CLANG_WARN_NON_LITERAL_NULL_CONVERSION = YES;
				CLANG_WARN_OBJC_IMPLICIT_RETAIN_SELF = YES;
				CLANG_WARN_OBJC_LITERAL_CONVERSION = YES;
				CLANG_WARN_OBJC_ROOT_CLASS = YES_ERROR;
				CLANG_WARN_RANGE_LOOP_ANALYSIS = YES;
				CLANG_WARN_STRICT_PROTOTYPES = YES;
				CLANG_WARN_SUSPICIOUS_MOVE = YES;
				CLANG_WARN_UNGUARDED_AVAILABILITY = YES_AGGRESSIVE;
				CLANG_WARN_UNREACHABLE_CODE = YES;
				CLANG_WARN__DUPLICATE_METHOD_MATCH = YES;
				CODE_SIGN_IDENTITY = "iPhone Developer";
				COPY_PHASE_STRIP = NO;
				DEBUG_INFORMATION_FORMAT = "dwarf-with-dsym";
				ENABLE_NS_ASSERTIONS = NO;
				ENABLE_STRICT_OBJC_MSGSEND = YES;
				GCC_C_LANGUAGE_STANDARD = gnu11;
				GCC_NO_COMMON_BLOCKS = YES;
				GCC_WARN_64_TO_32_BIT_CONVERSION = YES;
				GCC_WARN_ABOUT_RETURN_TYPE = YES_ERROR;
				GCC_WARN_UNDECLARED_SELECTOR = YES;
				GCC_WARN_UNINITIALIZED_AUTOS = YES_AGGRESSIVE;
				GCC_WARN_UNUSED_FUNCTION = YES;
				GCC_WARN_UNUSED_VARIABLE = YES;
				IPHONEOS_DEPLOYMENT_TARGET = 11.2;
				MTL_ENABLE_DEBUG_INFO = NO;
				SDKROOT = iphoneos;
				SWIFT_OPTIMIZATION_LEVEL = "-Owholemodule";
				VALIDATE_PRODUCT = YES;
			};
			name = Release;
		};
		3C75F0182073F7CD00278A74 /* Debug */ = {
			isa = XCBuildConfiguration;
			buildSettings = {
				ASSETCATALOG_COMPILER_APPICON_NAME = AppIcon;
				CODE_SIGN_STYLE = Automatic;
				DEVELOPMENT_TEAM = "";
				FRAMEWORK_SEARCH_PATHS = (
					"$(inherited)",
					"$(PROJECT_DIR)/Carthage/Build/iOS",
				);
				INFOPLIST_FILE = DarkArmory/Info.plist;
				LD_RUNPATH_SEARCH_PATHS = "$(inherited) @executable_path/Frameworks";
				PRODUCT_BUNDLE_IDENTIFIER = edu.globant.DarkArmory;
				PRODUCT_NAME = "$(TARGET_NAME)";
				SWIFT_VERSION = 4.2;
				TARGETED_DEVICE_FAMILY = 1;
			};
			name = Debug;
		};
		3C75F0192073F7CD00278A74 /* Release */ = {
			isa = XCBuildConfiguration;
			buildSettings = {
				ASSETCATALOG_COMPILER_APPICON_NAME = AppIcon;
				CODE_SIGN_STYLE = Automatic;
				DEVELOPMENT_TEAM = "";
				FRAMEWORK_SEARCH_PATHS = (
					"$(inherited)",
					"$(PROJECT_DIR)/Carthage/Build/iOS",
				);
				INFOPLIST_FILE = DarkArmory/Info.plist;
				LD_RUNPATH_SEARCH_PATHS = "$(inherited) @executable_path/Frameworks";
				PRODUCT_BUNDLE_IDENTIFIER = edu.globant.DarkArmory;
				PRODUCT_NAME = "$(TARGET_NAME)";
				SWIFT_VERSION = 4.2;
				TARGETED_DEVICE_FAMILY = 1;
			};
			name = Release;
		};
		3C8C0ACC207FA454004D816C /* Debug */ = {
			isa = XCBuildConfiguration;
			buildSettings = {
				BUNDLE_LOADER = "$(TEST_HOST)";
				CODE_SIGN_STYLE = Automatic;
				INFOPLIST_FILE = DarkArmoryTests/Info.plist;
				LD_RUNPATH_SEARCH_PATHS = "$(inherited) @executable_path/Frameworks @loader_path/Frameworks";
				PRODUCT_BUNDLE_IDENTIFIER = edu.globant.DarkArmoryTests;
				PRODUCT_NAME = "$(TARGET_NAME)";
				SWIFT_VERSION = 4.2;
				TARGETED_DEVICE_FAMILY = "1,2";
				TEST_HOST = "$(BUILT_PRODUCTS_DIR)/DarkArmory.app/DarkArmory";
			};
			name = Debug;
		};
		3C8C0ACD207FA454004D816C /* Release */ = {
			isa = XCBuildConfiguration;
			buildSettings = {
				BUNDLE_LOADER = "$(TEST_HOST)";
				CODE_SIGN_STYLE = Automatic;
				INFOPLIST_FILE = DarkArmoryTests/Info.plist;
				LD_RUNPATH_SEARCH_PATHS = "$(inherited) @executable_path/Frameworks @loader_path/Frameworks";
				PRODUCT_BUNDLE_IDENTIFIER = edu.globant.DarkArmoryTests;
				PRODUCT_NAME = "$(TARGET_NAME)";
				SWIFT_VERSION = 4.2;
				TARGETED_DEVICE_FAMILY = "1,2";
				TEST_HOST = "$(BUILT_PRODUCTS_DIR)/DarkArmory.app/DarkArmory";
			};
			name = Release;
		};
/* End XCBuildConfiguration section */

/* Begin XCConfigurationList section */
		3C75F0002073F7CD00278A74 /* Build configuration list for PBXProject "DarkArmory" */ = {
			isa = XCConfigurationList;
			buildConfigurations = (
				3C75F0152073F7CD00278A74 /* Debug */,
				3C75F0162073F7CD00278A74 /* Release */,
			);
			defaultConfigurationIsVisible = 0;
			defaultConfigurationName = Release;
		};
		3C75F0172073F7CD00278A74 /* Build configuration list for PBXNativeTarget "DarkArmory" */ = {
			isa = XCConfigurationList;
			buildConfigurations = (
				3C75F0182073F7CD00278A74 /* Debug */,
				3C75F0192073F7CD00278A74 /* Release */,
			);
			defaultConfigurationIsVisible = 0;
			defaultConfigurationName = Release;
		};
		3C8C0ACB207FA454004D816C /* Build configuration list for PBXNativeTarget "DarkArmoryTests" */ = {
			isa = XCConfigurationList;
			buildConfigurations = (
				3C8C0ACC207FA454004D816C /* Debug */,
				3C8C0ACD207FA454004D816C /* Release */,
			);
			defaultConfigurationIsVisible = 0;
			defaultConfigurationName = Release;
		};
/* End XCConfigurationList section */
	};
	rootObject = 3C75EFFD2073F7CD00278A74 /* Project object */;
}
